
Microsoft Visual Studio Solution File, Format Version 12.00
# Visual Studio Version 16
VisualStudioVersion = 16.0.30204.135
MinimumVisualStudioVersion = 10.0.40219.1
Project("{9A19103F-16F7-4668-BE54-9A1E7A4F7556}") = "DebtAmortization", "DebtAmortization\DebtAmortization.csproj", "{5955ED20-AB4D-4769-AF2C-751304FE880B}"
EndProject
Project("{9A19103F-16F7-4668-BE54-9A1E7A4F7556}") = "DebtUtilities", "DebtUtilities\DebtUtilities.csproj", "{86858EA1-47E9-4545-B6F2-601EFFADFAA5}"
	ProjectSection(ProjectDependencies) = postProject
		{FD1189DD-4B60-4A3C-88AA-0038879775F6} = {FD1189DD-4B60-4A3C-88AA-0038879775F6}
	EndProjectSection
EndProject
Project("{9A19103F-16F7-4668-BE54-9A1E7A4F7556}") = "DebtData", "DebtData\DebtData.csproj", "{FD1189DD-4B60-4A3C-88AA-0038879775F6}"
EndProject
Global
	GlobalSection(SolutionConfigurationPlatforms) = preSolution
		Debug|Any CPU = Debug|Any CPU
		Release|Any CPU = Release|Any CPU
	EndGlobalSection
	GlobalSection(ProjectConfigurationPlatforms) = postSolution
		{5955ED20-AB4D-4769-AF2C-751304FE880B}.Debug|Any CPU.ActiveCfg = Debug|Any CPU
		{5955ED20-AB4D-4769-AF2C-751304FE880B}.Debug|Any CPU.Build.0 = Debug|Any CPU
		{5955ED20-AB4D-4769-AF2C-751304FE880B}.Release|Any CPU.ActiveCfg = Release|Any CPU
		{5955ED20-AB4D-4769-AF2C-751304FE880B}.Release|Any CPU.Build.0 = Release|Any CPU
		{86858EA1-47E9-4545-B6F2-601EFFADFAA5}.Debug|Any CPU.ActiveCfg = Debug|Any CPU
		{86858EA1-47E9-4545-B6F2-601EFFADFAA5}.Debug|Any CPU.Build.0 = Debug|Any CPU
		{86858EA1-47E9-4545-B6F2-601EFFADFAA5}.Release|Any CPU.ActiveCfg = Release|Any CPU
		{86858EA1-47E9-4545-B6F2-601EFFADFAA5}.Release|Any CPU.Build.0 = Release|Any CPU
		{FD1189DD-4B60-4A3C-88AA-0038879775F6}.Debug|Any CPU.ActiveCfg = Debug|Any CPU
		{FD1189DD-4B60-4A3C-88AA-0038879775F6}.Debug|Any CPU.Build.0 = Debug|Any CPU
		{FD1189DD-4B60-4A3C-88AA-0038879775F6}.Release|Any CPU.ActiveCfg = Release|Any CPU
		{FD1189DD-4B60-4A3C-88AA-0038879775F6}.Release|Any CPU.Build.0 = Release|Any CPU
	EndGlobalSection
	GlobalSection(SolutionProperties) = preSolution
		HideSolutionNode = FALSE
	EndGlobalSection
	GlobalSection(ExtensibilityGlobals) = postSolution
		SolutionGuid = {8BB43958-2EBB-4830-8B6B-4433887566DC}
	EndGlobalSection
EndGlobal
